
Microsoft Visual Studio Solution File, Format Version 12.00
Project("{FAE04EC0-301F-11D3-BF4B-00C04F79EFBC}") = "Tests", "Tests\Tests.csproj", "{B325B186-F550-4212-A57F-AD221BD2A40B}"
EndProject
Project("{FAE04EC0-301F-11D3-BF4B-00C04F79EFBC}") = "Day11", "Day11\Day11.csproj", "{EC318797-16A1-41F0-A78C-3E4D7840A19A}"
EndProject
Global
	GlobalSection(SolutionConfigurationPlatforms) = preSolution
		Debug|Any CPU = Debug|Any CPU
		Release|Any CPU = Release|Any CPU
	EndGlobalSection
	GlobalSection(ProjectConfigurationPlatforms) = postSolution
		{B325B186-F550-4212-A57F-AD221BD2A40B}.Debug|Any CPU.ActiveCfg = Debug|Any CPU
		{B325B186-F550-4212-A57F-AD221BD2A40B}.Debug|Any CPU.Build.0 = Debug|Any CPU
		{B325B186-F550-4212-A57F-AD221BD2A40B}.Release|Any CPU.ActiveCfg = Release|Any CPU
		{B325B186-F550-4212-A57F-AD221BD2A40B}.Release|Any CPU.Build.0 = Release|Any CPU
		{EC318797-16A1-41F0-A78C-3E4D7840A19A}.Debug|Any CPU.ActiveCfg = Debug|Any CPU
		{EC318797-16A1-41F0-A78C-3E4D7840A19A}.Debug|Any CPU.Build.0 = Debug|Any CPU
		{EC318797-16A1-41F0-A78C-3E4D7840A19A}.Release|Any CPU.ActiveCfg = Release|Any CPU
		{EC318797-16A1-41F0-A78C-3E4D7840A19A}.Release|Any CPU.Build.0 = Release|Any CPU
	EndGlobalSection
EndGlobal
