
Microsoft Visual Studio Solution File, Format Version 12.00
Project("{FAE04EC0-301F-11D3-BF4B-00C04F79EFBC}") = "Day10", "Day10\Day10.csproj", "{4F3B90FA-A54A-4663-BF8A-1050560FC633}"
EndProject
Project("{FAE04EC0-301F-11D3-BF4B-00C04F79EFBC}") = "Tests", "Tests\Tests.csproj", "{2F272D28-A99F-4A25-B5F9-F709453DE93E}"
EndProject
Global
	GlobalSection(SolutionConfigurationPlatforms) = preSolution
		Debug|Any CPU = Debug|Any CPU
		Release|Any CPU = Release|Any CPU
	EndGlobalSection
	GlobalSection(ProjectConfigurationPlatforms) = postSolution
		{4F3B90FA-A54A-4663-BF8A-1050560FC633}.Debug|Any CPU.ActiveCfg = Debug|Any CPU
		{4F3B90FA-A54A-4663-BF8A-1050560FC633}.Debug|Any CPU.Build.0 = Debug|Any CPU
		{4F3B90FA-A54A-4663-BF8A-1050560FC633}.Release|Any CPU.ActiveCfg = Release|Any CPU
		{4F3B90FA-A54A-4663-BF8A-1050560FC633}.Release|Any CPU.Build.0 = Release|Any CPU
		{2F272D28-A99F-4A25-B5F9-F709453DE93E}.Debug|Any CPU.ActiveCfg = Debug|Any CPU
		{2F272D28-A99F-4A25-B5F9-F709453DE93E}.Debug|Any CPU.Build.0 = Debug|Any CPU
		{2F272D28-A99F-4A25-B5F9-F709453DE93E}.Release|Any CPU.ActiveCfg = Release|Any CPU
		{2F272D28-A99F-4A25-B5F9-F709453DE93E}.Release|Any CPU.Build.0 = Release|Any CPU
	EndGlobalSection
EndGlobal
