
Microsoft Visual Studio Solution File, Format Version 12.00
Project("{FAE04EC0-301F-11D3-BF4B-00C04F79EFBC}") = "Day22", "Day22\Day22.csproj", "{56F806C3-4E35-4CDC-A605-544BD4A17247}"
EndProject
Project("{FAE04EC0-301F-11D3-BF4B-00C04F79EFBC}") = "Tests", "Tests\Tests.csproj", "{40627396-4CBD-4675-828A-185364AD83C9}"
EndProject
Global
	GlobalSection(SolutionConfigurationPlatforms) = preSolution
		Debug|Any CPU = Debug|Any CPU
		Release|Any CPU = Release|Any CPU
	EndGlobalSection
	GlobalSection(ProjectConfigurationPlatforms) = postSolution
		{56F806C3-4E35-4CDC-A605-544BD4A17247}.Debug|Any CPU.ActiveCfg = Debug|Any CPU
		{56F806C3-4E35-4CDC-A605-544BD4A17247}.Debug|Any CPU.Build.0 = Debug|Any CPU
		{56F806C3-4E35-4CDC-A605-544BD4A17247}.Release|Any CPU.ActiveCfg = Release|Any CPU
		{56F806C3-4E35-4CDC-A605-544BD4A17247}.Release|Any CPU.Build.0 = Release|Any CPU
		{40627396-4CBD-4675-828A-185364AD83C9}.Debug|Any CPU.ActiveCfg = Debug|Any CPU
		{40627396-4CBD-4675-828A-185364AD83C9}.Debug|Any CPU.Build.0 = Debug|Any CPU
		{40627396-4CBD-4675-828A-185364AD83C9}.Release|Any CPU.ActiveCfg = Release|Any CPU
		{40627396-4CBD-4675-828A-185364AD83C9}.Release|Any CPU.Build.0 = Release|Any CPU
	EndGlobalSection
EndGlobal
