
Microsoft Visual Studio Solution File, Format Version 12.00
Project("{FAE04EC0-301F-11D3-BF4B-00C04F79EFBC}") = "Day02", "Day02\Day02.csproj", "{804D9CDB-EA5D-4C9D-86F3-67ACF74E6194}"
EndProject
Project("{FAE04EC0-301F-11D3-BF4B-00C04F79EFBC}") = "tests", "tests\tests.csproj", "{5CFBFDBD-6277-4951-8358-D51ECB56BFED}"
EndProject
Global
	GlobalSection(SolutionConfigurationPlatforms) = preSolution
		Debug|Any CPU = Debug|Any CPU
		Release|Any CPU = Release|Any CPU
	EndGlobalSection
	GlobalSection(ProjectConfigurationPlatforms) = postSolution
		{804D9CDB-EA5D-4C9D-86F3-67ACF74E6194}.Debug|Any CPU.ActiveCfg = Debug|Any CPU
		{804D9CDB-EA5D-4C9D-86F3-67ACF74E6194}.Debug|Any CPU.Build.0 = Debug|Any CPU
		{804D9CDB-EA5D-4C9D-86F3-67ACF74E6194}.Release|Any CPU.ActiveCfg = Release|Any CPU
		{804D9CDB-EA5D-4C9D-86F3-67ACF74E6194}.Release|Any CPU.Build.0 = Release|Any CPU
		{5CFBFDBD-6277-4951-8358-D51ECB56BFED}.Debug|Any CPU.ActiveCfg = Debug|Any CPU
		{5CFBFDBD-6277-4951-8358-D51ECB56BFED}.Debug|Any CPU.Build.0 = Debug|Any CPU
		{5CFBFDBD-6277-4951-8358-D51ECB56BFED}.Release|Any CPU.ActiveCfg = Release|Any CPU
		{5CFBFDBD-6277-4951-8358-D51ECB56BFED}.Release|Any CPU.Build.0 = Release|Any CPU
	EndGlobalSection
EndGlobal
