
Microsoft Visual Studio Solution File, Format Version 12.00
Project("{FAE04EC0-301F-11D3-BF4B-00C04F79EFBC}") = "Day23", "Day23\Day23.csproj", "{746155A3-000C-4690-ACAE-F96E7A8D9263}"
EndProject
Project("{FAE04EC0-301F-11D3-BF4B-00C04F79EFBC}") = "Tests", "Tests\Tests.csproj", "{A7CD16BE-BA55-4E4D-B3DD-7D1757E22CF3}"
EndProject
Global
	GlobalSection(SolutionConfigurationPlatforms) = preSolution
		Debug|Any CPU = Debug|Any CPU
		Release|Any CPU = Release|Any CPU
	EndGlobalSection
	GlobalSection(ProjectConfigurationPlatforms) = postSolution
		{746155A3-000C-4690-ACAE-F96E7A8D9263}.Debug|Any CPU.ActiveCfg = Debug|Any CPU
		{746155A3-000C-4690-ACAE-F96E7A8D9263}.Debug|Any CPU.Build.0 = Debug|Any CPU
		{746155A3-000C-4690-ACAE-F96E7A8D9263}.Release|Any CPU.ActiveCfg = Release|Any CPU
		{746155A3-000C-4690-ACAE-F96E7A8D9263}.Release|Any CPU.Build.0 = Release|Any CPU
		{A7CD16BE-BA55-4E4D-B3DD-7D1757E22CF3}.Debug|Any CPU.ActiveCfg = Debug|Any CPU
		{A7CD16BE-BA55-4E4D-B3DD-7D1757E22CF3}.Debug|Any CPU.Build.0 = Debug|Any CPU
		{A7CD16BE-BA55-4E4D-B3DD-7D1757E22CF3}.Release|Any CPU.ActiveCfg = Release|Any CPU
		{A7CD16BE-BA55-4E4D-B3DD-7D1757E22CF3}.Release|Any CPU.Build.0 = Release|Any CPU
	EndGlobalSection
EndGlobal
