
Microsoft Visual Studio Solution File, Format Version 12.00
Project("{FAE04EC0-301F-11D3-BF4B-00C04F79EFBC}") = "Day24", "Day24\Day24.csproj", "{6C8556C1-E7E6-4D4B-894B-4BB41350091C}"
EndProject
Project("{FAE04EC0-301F-11D3-BF4B-00C04F79EFBC}") = "Tests", "Tests\Tests.csproj", "{2620293B-8974-4564-A3EF-C76F501C8D2C}"
EndProject
Global
	GlobalSection(SolutionConfigurationPlatforms) = preSolution
		Debug|Any CPU = Debug|Any CPU
		Release|Any CPU = Release|Any CPU
	EndGlobalSection
	GlobalSection(ProjectConfigurationPlatforms) = postSolution
		{6C8556C1-E7E6-4D4B-894B-4BB41350091C}.Debug|Any CPU.ActiveCfg = Debug|Any CPU
		{6C8556C1-E7E6-4D4B-894B-4BB41350091C}.Debug|Any CPU.Build.0 = Debug|Any CPU
		{6C8556C1-E7E6-4D4B-894B-4BB41350091C}.Release|Any CPU.ActiveCfg = Release|Any CPU
		{6C8556C1-E7E6-4D4B-894B-4BB41350091C}.Release|Any CPU.Build.0 = Release|Any CPU
		{2620293B-8974-4564-A3EF-C76F501C8D2C}.Debug|Any CPU.ActiveCfg = Debug|Any CPU
		{2620293B-8974-4564-A3EF-C76F501C8D2C}.Debug|Any CPU.Build.0 = Debug|Any CPU
		{2620293B-8974-4564-A3EF-C76F501C8D2C}.Release|Any CPU.ActiveCfg = Release|Any CPU
		{2620293B-8974-4564-A3EF-C76F501C8D2C}.Release|Any CPU.Build.0 = Release|Any CPU
	EndGlobalSection
EndGlobal
