
Microsoft Visual Studio Solution File, Format Version 12.00
Project("{FAE04EC0-301F-11D3-BF4B-00C04F79EFBC}") = "Day05", "Day05\Day05.csproj", "{A157B1A8-0BAA-4077-B9A9-793A14377F01}"
EndProject
Project("{FAE04EC0-301F-11D3-BF4B-00C04F79EFBC}") = "Tests", "Tests\Tests.csproj", "{D76D9031-23A8-4CB5-ABA6-F55149057F36}"
EndProject
Global
	GlobalSection(SolutionConfigurationPlatforms) = preSolution
		Debug|Any CPU = Debug|Any CPU
		Release|Any CPU = Release|Any CPU
	EndGlobalSection
	GlobalSection(ProjectConfigurationPlatforms) = postSolution
		{A157B1A8-0BAA-4077-B9A9-793A14377F01}.Debug|Any CPU.ActiveCfg = Debug|Any CPU
		{A157B1A8-0BAA-4077-B9A9-793A14377F01}.Debug|Any CPU.Build.0 = Debug|Any CPU
		{A157B1A8-0BAA-4077-B9A9-793A14377F01}.Release|Any CPU.ActiveCfg = Release|Any CPU
		{A157B1A8-0BAA-4077-B9A9-793A14377F01}.Release|Any CPU.Build.0 = Release|Any CPU
		{D76D9031-23A8-4CB5-ABA6-F55149057F36}.Debug|Any CPU.ActiveCfg = Debug|Any CPU
		{D76D9031-23A8-4CB5-ABA6-F55149057F36}.Debug|Any CPU.Build.0 = Debug|Any CPU
		{D76D9031-23A8-4CB5-ABA6-F55149057F36}.Release|Any CPU.ActiveCfg = Release|Any CPU
		{D76D9031-23A8-4CB5-ABA6-F55149057F36}.Release|Any CPU.Build.0 = Release|Any CPU
	EndGlobalSection
EndGlobal
